{
  "name": "enlightenMe",
  "lockfileVersion": 3,
  "requires": true,
  "packages": {
    "": {
      "dependencies": {
        "webmcp-types": "^0.1.6"
      }
    },
    "node_modules/webmcp-types": {
      "version": "0.1.6",
      "resolved": "https://registry.npmjs.org/webmcp-types/-/webmcp-types-0.1.6.tgz",
      "integrity": "sha512-vWYNhhBXQhP4flPIk3sJuzsonPGSTdDyhWgpmPYCNdpIcLHJgjHE51lU0S7gi+UtdxO84FsCnvSJaMfLGWP+3Q==",
      "license": "MIT"
    }
  }
}
